
Microsoft Visual Studio Solution File, Format Version 12.00
# Visual Studio Version 17
VisualStudioVersion = 17.8.34309.116
MinimumVisualStudioVersion = 10.0.40219.1
Project("{9A19103F-16F7-4668-BE54-9A1E7A4F7556}") = "LBC", "LBC.csproj", "{8CE81481-8AAF-4A8E-BB88-B913F0C7183C}"
EndProject
Project("{2150E333-8FDC-42A3-9474-1A3956D46DE8}") = "Components", "Components", "{0111EED8-E1E2-4A9A-BF1D-420C5AE377DD}"
EndProject
Project("{2150E333-8FDC-42A3-9474-1A3956D46DE8}") = "FilterTreeView", "FilterTreeView", "{511FCDDD-1BB0-4DFE-A6F9-0F4E8E11628C}"
EndProject
Project("{9A19103F-16F7-4668-BE54-9A1E7A4F7556}") = "BusinessLib", "..\Components\FilterTreeView\BusinessLib\BusinessLib.csproj", "{3399221E-ADE4-4EB5-88D1-2C2E89FE6D0F}"
EndProject
Project("{9A19103F-16F7-4668-BE54-9A1E7A4F7556}") = "FilterTreeViewLib", "..\Components\FilterTreeView\FilterTreeViewLib\FilterTreeViewLib.csproj", "{5E2357A4-D65A-4A08-BB25-5FC22A5888CA}"
EndProject
Project("{9A19103F-16F7-4668-BE54-9A1E7A4F7556}") = "AvalonEditB", "..\Components\AvalonEditB\AvalonEditB.csproj", "{961DFD89-CF87-4423-8901-F25541ADB5A3}"
EndProject
Project("{9A19103F-16F7-4668-BE54-9A1E7A4F7556}") = "TextEditLib", "..\Components\TextEditLib\TextEditLib.csproj", "{8FE758DB-123A-4B96-B5FB-0D6A9D1F8BBB}"
EndProject
Project("{9A19103F-16F7-4668-BE54-9A1E7A4F7556}") = "Win32", "..\Components\Win32\Win32.csproj", "{1ED72A00-3021-4AB5-88F5-28A6226FB785}"
EndProject
Project("{9A19103F-16F7-4668-BE54-9A1E7A4F7556}") = "HL", "..\Components\HL\HL.csproj", "{56A93971-E598-4F67-8AAE-E2829D156CE4}"
EndProject
Project("{9A19103F-16F7-4668-BE54-9A1E7A4F7556}") = "ServiceLocator", "..\Components\ServiceLocator\ServiceLocator.csproj", "{EB91CA1A-6EF3-40E1-98A3-5AC9611E7522}"
EndProject
Project("{9A19103F-16F7-4668-BE54-9A1E7A4F7556}") = "Settings", "..\Components\Settings\Settings\Settings.csproj", "{7EC021CE-B5C4-4CE6-B3F0-BA43E3D75792}"
EndProject
Project("{9A19103F-16F7-4668-BE54-9A1E7A4F7556}") = "SettingsModel", "..\Components\Settings\SettingsModel\SettingsModel.csproj", "{B2F4A151-1FDB-49FF-8E42-7C08BBB908C9}"
EndProject
Project("{9A19103F-16F7-4668-BE54-9A1E7A4F7556}") = "ICSharpCode.AvalonEdit", "..\Components\ICSharpCode.AvalonEdit\ICSharpCode.AvalonEdit.csproj", "{762C0646-BFE8-4C03-9937-EE30A5894E37}"
EndProject
Global
	GlobalSection(SolutionConfigurationPlatforms) = preSolution
		Debug|Any CPU = Debug|Any CPU
		Release|Any CPU = Release|Any CPU
	EndGlobalSection
	GlobalSection(ProjectConfigurationPlatforms) = postSolution
		{8CE81481-8AAF-4A8E-BB88-B913F0C7183C}.Debug|Any CPU.ActiveCfg = Debug|Any CPU
		{8CE81481-8AAF-4A8E-BB88-B913F0C7183C}.Debug|Any CPU.Build.0 = Debug|Any CPU
		{8CE81481-8AAF-4A8E-BB88-B913F0C7183C}.Release|Any CPU.ActiveCfg = Release|Any CPU
		{8CE81481-8AAF-4A8E-BB88-B913F0C7183C}.Release|Any CPU.Build.0 = Release|Any CPU
		{3399221E-ADE4-4EB5-88D1-2C2E89FE6D0F}.Debug|Any CPU.ActiveCfg = Debug|Any CPU
		{3399221E-ADE4-4EB5-88D1-2C2E89FE6D0F}.Debug|Any CPU.Build.0 = Debug|Any CPU
		{3399221E-ADE4-4EB5-88D1-2C2E89FE6D0F}.Release|Any CPU.ActiveCfg = Release|Any CPU
		{3399221E-ADE4-4EB5-88D1-2C2E89FE6D0F}.Release|Any CPU.Build.0 = Release|Any CPU
		{5E2357A4-D65A-4A08-BB25-5FC22A5888CA}.Debug|Any CPU.ActiveCfg = Debug|Any CPU
		{5E2357A4-D65A-4A08-BB25-5FC22A5888CA}.Debug|Any CPU.Build.0 = Debug|Any CPU
		{5E2357A4-D65A-4A08-BB25-5FC22A5888CA}.Release|Any CPU.ActiveCfg = Release|Any CPU
		{5E2357A4-D65A-4A08-BB25-5FC22A5888CA}.Release|Any CPU.Build.0 = Release|Any CPU
		{961DFD89-CF87-4423-8901-F25541ADB5A3}.Debug|Any CPU.ActiveCfg = Debug|Any CPU
		{961DFD89-CF87-4423-8901-F25541ADB5A3}.Debug|Any CPU.Build.0 = Debug|Any CPU
		{961DFD89-CF87-4423-8901-F25541ADB5A3}.Release|Any CPU.ActiveCfg = Release|Any CPU
		{961DFD89-CF87-4423-8901-F25541ADB5A3}.Release|Any CPU.Build.0 = Release|Any CPU
		{8FE758DB-123A-4B96-B5FB-0D6A9D1F8BBB}.Debug|Any CPU.ActiveCfg = Debug|Any CPU
		{8FE758DB-123A-4B96-B5FB-0D6A9D1F8BBB}.Debug|Any CPU.Build.0 = Debug|Any CPU
		{8FE758DB-123A-4B96-B5FB-0D6A9D1F8BBB}.Release|Any CPU.ActiveCfg = Release|Any CPU
		{8FE758DB-123A-4B96-B5FB-0D6A9D1F8BBB}.Release|Any CPU.Build.0 = Release|Any CPU
		{1ED72A00-3021-4AB5-88F5-28A6226FB785}.Debug|Any CPU.ActiveCfg = Debug|Any CPU
		{1ED72A00-3021-4AB5-88F5-28A6226FB785}.Debug|Any CPU.Build.0 = Debug|Any CPU
		{1ED72A00-3021-4AB5-88F5-28A6226FB785}.Release|Any CPU.ActiveCfg = Release|Any CPU
		{1ED72A00-3021-4AB5-88F5-28A6226FB785}.Release|Any CPU.Build.0 = Release|Any CPU
		{56A93971-E598-4F67-8AAE-E2829D156CE4}.Debug|Any CPU.ActiveCfg = Debug|Any CPU
		{56A93971-E598-4F67-8AAE-E2829D156CE4}.Debug|Any CPU.Build.0 = Debug|Any CPU
		{56A93971-E598-4F67-8AAE-E2829D156CE4}.Release|Any CPU.ActiveCfg = Release|Any CPU
		{56A93971-E598-4F67-8AAE-E2829D156CE4}.Release|Any CPU.Build.0 = Release|Any CPU
		{EB91CA1A-6EF3-40E1-98A3-5AC9611E7522}.Debug|Any CPU.ActiveCfg = Debug|Any CPU
		{EB91CA1A-6EF3-40E1-98A3-5AC9611E7522}.Debug|Any CPU.Build.0 = Debug|Any CPU
		{EB91CA1A-6EF3-40E1-98A3-5AC9611E7522}.Release|Any CPU.ActiveCfg = Release|Any CPU
		{EB91CA1A-6EF3-40E1-98A3-5AC9611E7522}.Release|Any CPU.Build.0 = Release|Any CPU
		{7EC021CE-B5C4-4CE6-B3F0-BA43E3D75792}.Debug|Any CPU.ActiveCfg = Debug|Any CPU
		{7EC021CE-B5C4-4CE6-B3F0-BA43E3D75792}.Debug|Any CPU.Build.0 = Debug|Any CPU
		{7EC021CE-B5C4-4CE6-B3F0-BA43E3D75792}.Release|Any CPU.ActiveCfg = Release|Any CPU
		{7EC021CE-B5C4-4CE6-B3F0-BA43E3D75792}.Release|Any CPU.Build.0 = Release|Any CPU
		{B2F4A151-1FDB-49FF-8E42-7C08BBB908C9}.Debug|Any CPU.ActiveCfg = Debug|Any CPU
		{B2F4A151-1FDB-49FF-8E42-7C08BBB908C9}.Debug|Any CPU.Build.0 = Debug|Any CPU
		{B2F4A151-1FDB-49FF-8E42-7C08BBB908C9}.Release|Any CPU.ActiveCfg = Release|Any CPU
		{B2F4A151-1FDB-49FF-8E42-7C08BBB908C9}.Release|Any CPU.Build.0 = Release|Any CPU
		{762C0646-BFE8-4C03-9937-EE30A5894E37}.Debug|Any CPU.ActiveCfg = Debug|Any CPU
		{762C0646-BFE8-4C03-9937-EE30A5894E37}.Debug|Any CPU.Build.0 = Debug|Any CPU
		{762C0646-BFE8-4C03-9937-EE30A5894E37}.Release|Any CPU.ActiveCfg = Release|Any CPU
		{762C0646-BFE8-4C03-9937-EE30A5894E37}.Release|Any CPU.Build.0 = Release|Any CPU
	EndGlobalSection
	GlobalSection(SolutionProperties) = preSolution
		HideSolutionNode = FALSE
	EndGlobalSection
	GlobalSection(NestedProjects) = preSolution
		{511FCDDD-1BB0-4DFE-A6F9-0F4E8E11628C} = {0111EED8-E1E2-4A9A-BF1D-420C5AE377DD}
		{3399221E-ADE4-4EB5-88D1-2C2E89FE6D0F} = {511FCDDD-1BB0-4DFE-A6F9-0F4E8E11628C}
		{5E2357A4-D65A-4A08-BB25-5FC22A5888CA} = {511FCDDD-1BB0-4DFE-A6F9-0F4E8E11628C}
		{961DFD89-CF87-4423-8901-F25541ADB5A3} = {0111EED8-E1E2-4A9A-BF1D-420C5AE377DD}
		{8FE758DB-123A-4B96-B5FB-0D6A9D1F8BBB} = {0111EED8-E1E2-4A9A-BF1D-420C5AE377DD}
		{1ED72A00-3021-4AB5-88F5-28A6226FB785} = {0111EED8-E1E2-4A9A-BF1D-420C5AE377DD}
		{56A93971-E598-4F67-8AAE-E2829D156CE4} = {0111EED8-E1E2-4A9A-BF1D-420C5AE377DD}
		{EB91CA1A-6EF3-40E1-98A3-5AC9611E7522} = {0111EED8-E1E2-4A9A-BF1D-420C5AE377DD}
		{7EC021CE-B5C4-4CE6-B3F0-BA43E3D75792} = {0111EED8-E1E2-4A9A-BF1D-420C5AE377DD}
		{B2F4A151-1FDB-49FF-8E42-7C08BBB908C9} = {0111EED8-E1E2-4A9A-BF1D-420C5AE377DD}
		{762C0646-BFE8-4C03-9937-EE30A5894E37} = {0111EED8-E1E2-4A9A-BF1D-420C5AE377DD}
	EndGlobalSection
	GlobalSection(ExtensibilityGlobals) = postSolution
		SolutionGuid = {B2B14A70-84EE-4580-AD52-AECEE64FF3BC}
	EndGlobalSection
EndGlobal
